
Microsoft Visual Studio Solution File, Format Version 12.00
# Visual Studio 15
Project("{FAE04EC0-301F-11D3-BF4B-00C04F79EFBC}") = "BasicCalculatorLab", "BasicCalculatorLab\BasicCalculatorLab.csproj", "{CC2C6EE6-30E2-42D2-8316-D5EB680E508E}"
EndProject
Global
	GlobalSection(SolutionConfigurationPlatforms) = preSolution
		Debug|anycpu = Debug|anycpu
		Release|anycpu = Release|anycpu
	EndGlobalSection
	GlobalSection(ProjectConfigurationPlatforms) = postSolution
		{CC2C6EE6-30E2-42D2-8316-D5EB680E508E}.Debug|anycpu.ActiveCfg = Debug|anycpu
		{CC2C6EE6-30E2-42D2-8316-D5EB680E508E}.Debug|anycpu.Build.0 = Debug|anycpu
		{CC2C6EE6-30E2-42D2-8316-D5EB680E508E}.Release|anycpu.ActiveCfg = Release|anycpu
		{CC2C6EE6-30E2-42D2-8316-D5EB680E508E}.Release|anycpu.Build.0 = Release|anycpu
	EndGlobalSection
EndGlobal
