
Microsoft Visual Studio Solution File, Format Version 12.00
# Visual Studio 15
Project("{FAE04EC0-301F-11D3-BF4B-00C04F79EFBC}") = "BasicCalculator", "BasicCalculator\BasicCalculator.csproj", "{2F4B21EC-5D2A-46D4-B14F-13723C71CF83}"
EndProject
Global
	GlobalSection(SolutionConfigurationPlatforms) = preSolution
		Debug|anycpu = Debug|anycpu
		Release|anycpu = Release|anycpu
	EndGlobalSection
	GlobalSection(ProjectConfigurationPlatforms) = postSolution
		{2F4B21EC-5D2A-46D4-B14F-13723C71CF83}.Debug|anycpu.ActiveCfg = Debug|Any CPU
		{2F4B21EC-5D2A-46D4-B14F-13723C71CF83}.Debug|anycpu.Build.0 = Debug|Any CPU
		{2F4B21EC-5D2A-46D4-B14F-13723C71CF83}.Release|anycpu.ActiveCfg = Release|Any CPU
		{2F4B21EC-5D2A-46D4-B14F-13723C71CF83}.Release|anycpu.Build.0 = Release|Any CPU
	EndGlobalSection
EndGlobal
